
Microsoft Visual Studio Solution File, Format Version 12.00
# Visual Studio Version 17
VisualStudioVersion = 17.2.32630.192
MinimumVisualStudioVersion = 10.0.40219.1
Project("{2150E333-8FDC-42A3-9474-1A3956D46DE8}") = "Generator", "Generator", "{09320B0A-DC4E-4D90-A3EF-785E93CE07A2}"
EndProject
Project("{2150E333-8FDC-42A3-9474-1A3956D46DE8}") = "Sorter", "Sorter", "{F57142AD-44E1-4789-B815-3A571D410CE3}"
EndProject
Project("{2150E333-8FDC-42A3-9474-1A3956D46DE8}") = "Common", "Common", "{3582B1B9-E527-4C87-88D6-80DFEC635584}"
EndProject
Project("{2150E333-8FDC-42A3-9474-1A3956D46DE8}") = "Stage1", "Stage1", "{E0915C28-0263-49D9-A7ED-00A2542756A0}"
EndProject
Project("{2150E333-8FDC-42A3-9474-1A3956D46DE8}") = "Stage2", "Stage2", "{74F08906-FFA1-4B07-962B-523F674AABB8}"
EndProject
Project("{2150E333-8FDC-42A3-9474-1A3956D46DE8}") = "Stage3", "Stage3", "{C966B058-E840-41BB-8BE1-C38D10B2C336}"
EndProject
Project("{2150E333-8FDC-42A3-9474-1A3956D46DE8}") = "Stage4", "Stage4", "{C0D54442-F662-4564-A71F-CCCE7C9838A2}"
EndProject
Project("{9A19103F-16F7-4668-BE54-9A1E7A4F7556}") = "BigFile.Generator", "Generator\BigFile.Generator\BigFile.Generator.csproj", "{CAE63513-3BAC-49D6-A759-086F408CE58E}"
EndProject
Project("{9A19103F-16F7-4668-BE54-9A1E7A4F7556}") = "BigFile.Generator.Tests.Unit", "Generator\BigFile.Generator.Tests.Unit\BigFile.Generator.Tests.Unit.csproj", "{47D21F9A-35D3-482E-B538-84E6A64B8A65}"
EndProject
Project("{9A19103F-16F7-4668-BE54-9A1E7A4F7556}") = "BigFile.Sorter.Benchmarks", "Sorter\BigFile.Sorter.Benchmarks\BigFile.Sorter.Benchmarks.csproj", "{B3196FF6-08A2-4F6B-9187-DDAD3DF8BD6C}"
EndProject
Project("{9A19103F-16F7-4668-BE54-9A1E7A4F7556}") = "BigFile.Sorter.Stage1", "Sorter\Stage1\BigFile.Sorter.Stage1\BigFile.Sorter.Stage1.csproj", "{DEA172B3-EEB3-40CE-89B8-9EA101BD6CCB}"
EndProject
Project("{9A19103F-16F7-4668-BE54-9A1E7A4F7556}") = "BigFile.Sorter.Stage1.Tests.Unit", "Sorter\Stage1\BigFile.Sorter.Stage1.Tests.Unit\BigFile.Sorter.Stage1.Tests.Unit.csproj", "{FDEAAB5C-1776-474F-A33A-42EC82A28472}"
EndProject
Project("{9A19103F-16F7-4668-BE54-9A1E7A4F7556}") = "BigFile.Sorter.Stage2", "Sorter\Stage2\BigFile.Sorter.Stage2\BigFile.Sorter.Stage2.csproj", "{39917C09-5A91-453B-BEDB-97E2A318D74C}"
EndProject
Project("{9A19103F-16F7-4668-BE54-9A1E7A4F7556}") = "BigFile.Sorter.Stage2.Tests.Unit", "Sorter\Stage2\BigFile.Sorter.Stage2.Tests.Unit\BigFile.Sorter.Stage2.Tests.Unit.csproj", "{6541B239-7BAA-453F-B1FE-F425E01A4D4B}"
EndProject
Project("{9A19103F-16F7-4668-BE54-9A1E7A4F7556}") = "BigFile.Tests.Common", "Common\BigFile.Tests.Common\BigFile.Tests.Common.csproj", "{FFF6EEB4-0A91-456D-8131-615D15FCB769}"
EndProject
Project("{9A19103F-16F7-4668-BE54-9A1E7A4F7556}") = "BigFile.Common", "Common\BigFile.Common\BigFile.Common.csproj", "{543DAD44-DB03-4B00-9CBF-38FD40397D7F}"
EndProject
Project("{9A19103F-16F7-4668-BE54-9A1E7A4F7556}") = "BigFile.Common.Tests.Unit", "Common\BigFile.Common.Tests.Unit\BigFile.Common.Tests.Unit.csproj", "{8E17A469-64AC-4A55-B29C-97DC16542DEA}"
EndProject
Project("{9A19103F-16F7-4668-BE54-9A1E7A4F7556}") = "BigFile.Sorter.Stage3", "Sorter\Stage3\BigFile.Sorter.Stage3\BigFile.Sorter.Stage3.csproj", "{AF941DB5-AE5A-4265-8D7C-3892CAABF944}"
EndProject
Project("{9A19103F-16F7-4668-BE54-9A1E7A4F7556}") = "BigFile.Sorter.Stage3.Tests.Unit", "Sorter\Stage3\BigFile.Sorter.Stage3.Tests.Unit\BigFile.Sorter.Stage3.Tests.Unit.csproj", "{B2AAB054-88CE-4F5A-B0B7-C41390562DB9}"
EndProject
Project("{9A19103F-16F7-4668-BE54-9A1E7A4F7556}") = "BigFile.Sorter.Stage4", "Sorter\Stage4\BigFile.Sorter.Stage4\BigFile.Sorter.Stage4.csproj", "{138BA9A8-F389-4A3F-98B7-795FABD7C598}"
EndProject
Project("{9A19103F-16F7-4668-BE54-9A1E7A4F7556}") = "BigFile.Sorter.Stage4.Tests.Unit", "Sorter\Stage4\BigFile.Sorter.Stage4.Tests.Unit\BigFile.Sorter.Stage4.Tests.Unit.csproj", "{2EFA0CC4-3EC2-441C-82BC-4EB186789CCB}"
EndProject
Global
	GlobalSection(SolutionConfigurationPlatforms) = preSolution
		Debug|Any CPU = Debug|Any CPU
		Release|Any CPU = Release|Any CPU
	EndGlobalSection
	GlobalSection(ProjectConfigurationPlatforms) = postSolution
		{CAE63513-3BAC-49D6-A759-086F408CE58E}.Debug|Any CPU.ActiveCfg = Debug|Any CPU
		{CAE63513-3BAC-49D6-A759-086F408CE58E}.Debug|Any CPU.Build.0 = Debug|Any CPU
		{CAE63513-3BAC-49D6-A759-086F408CE58E}.Release|Any CPU.ActiveCfg = Release|Any CPU
		{CAE63513-3BAC-49D6-A759-086F408CE58E}.Release|Any CPU.Build.0 = Release|Any CPU
		{47D21F9A-35D3-482E-B538-84E6A64B8A65}.Debug|Any CPU.ActiveCfg = Debug|Any CPU
		{47D21F9A-35D3-482E-B538-84E6A64B8A65}.Debug|Any CPU.Build.0 = Debug|Any CPU
		{47D21F9A-35D3-482E-B538-84E6A64B8A65}.Release|Any CPU.ActiveCfg = Release|Any CPU
		{47D21F9A-35D3-482E-B538-84E6A64B8A65}.Release|Any CPU.Build.0 = Release|Any CPU
		{B3196FF6-08A2-4F6B-9187-DDAD3DF8BD6C}.Debug|Any CPU.ActiveCfg = Debug|Any CPU
		{B3196FF6-08A2-4F6B-9187-DDAD3DF8BD6C}.Debug|Any CPU.Build.0 = Debug|Any CPU
		{B3196FF6-08A2-4F6B-9187-DDAD3DF8BD6C}.Release|Any CPU.ActiveCfg = Release|Any CPU
		{B3196FF6-08A2-4F6B-9187-DDAD3DF8BD6C}.Release|Any CPU.Build.0 = Release|Any CPU
		{DEA172B3-EEB3-40CE-89B8-9EA101BD6CCB}.Debug|Any CPU.ActiveCfg = Debug|Any CPU
		{DEA172B3-EEB3-40CE-89B8-9EA101BD6CCB}.Debug|Any CPU.Build.0 = Debug|Any CPU
		{DEA172B3-EEB3-40CE-89B8-9EA101BD6CCB}.Release|Any CPU.ActiveCfg = Release|Any CPU
		{DEA172B3-EEB3-40CE-89B8-9EA101BD6CCB}.Release|Any CPU.Build.0 = Release|Any CPU
		{FDEAAB5C-1776-474F-A33A-42EC82A28472}.Debug|Any CPU.ActiveCfg = Debug|Any CPU
		{FDEAAB5C-1776-474F-A33A-42EC82A28472}.Debug|Any CPU.Build.0 = Debug|Any CPU
		{FDEAAB5C-1776-474F-A33A-42EC82A28472}.Release|Any CPU.ActiveCfg = Release|Any CPU
		{FDEAAB5C-1776-474F-A33A-42EC82A28472}.Release|Any CPU.Build.0 = Release|Any CPU
		{39917C09-5A91-453B-BEDB-97E2A318D74C}.Debug|Any CPU.ActiveCfg = Debug|Any CPU
		{39917C09-5A91-453B-BEDB-97E2A318D74C}.Debug|Any CPU.Build.0 = Debug|Any CPU
		{39917C09-5A91-453B-BEDB-97E2A318D74C}.Release|Any CPU.ActiveCfg = Release|Any CPU
		{39917C09-5A91-453B-BEDB-97E2A318D74C}.Release|Any CPU.Build.0 = Release|Any CPU
		{6541B239-7BAA-453F-B1FE-F425E01A4D4B}.Debug|Any CPU.ActiveCfg = Debug|Any CPU
		{6541B239-7BAA-453F-B1FE-F425E01A4D4B}.Debug|Any CPU.Build.0 = Debug|Any CPU
		{6541B239-7BAA-453F-B1FE-F425E01A4D4B}.Release|Any CPU.ActiveCfg = Release|Any CPU
		{6541B239-7BAA-453F-B1FE-F425E01A4D4B}.Release|Any CPU.Build.0 = Release|Any CPU
		{FFF6EEB4-0A91-456D-8131-615D15FCB769}.Debug|Any CPU.ActiveCfg = Debug|Any CPU
		{FFF6EEB4-0A91-456D-8131-615D15FCB769}.Debug|Any CPU.Build.0 = Debug|Any CPU
		{FFF6EEB4-0A91-456D-8131-615D15FCB769}.Release|Any CPU.ActiveCfg = Release|Any CPU
		{FFF6EEB4-0A91-456D-8131-615D15FCB769}.Release|Any CPU.Build.0 = Release|Any CPU
		{543DAD44-DB03-4B00-9CBF-38FD40397D7F}.Debug|Any CPU.ActiveCfg = Debug|Any CPU
		{543DAD44-DB03-4B00-9CBF-38FD40397D7F}.Debug|Any CPU.Build.0 = Debug|Any CPU
		{543DAD44-DB03-4B00-9CBF-38FD40397D7F}.Release|Any CPU.ActiveCfg = Release|Any CPU
		{543DAD44-DB03-4B00-9CBF-38FD40397D7F}.Release|Any CPU.Build.0 = Release|Any CPU
		{8E17A469-64AC-4A55-B29C-97DC16542DEA}.Debug|Any CPU.ActiveCfg = Debug|Any CPU
		{8E17A469-64AC-4A55-B29C-97DC16542DEA}.Debug|Any CPU.Build.0 = Debug|Any CPU
		{8E17A469-64AC-4A55-B29C-97DC16542DEA}.Release|Any CPU.ActiveCfg = Release|Any CPU
		{8E17A469-64AC-4A55-B29C-97DC16542DEA}.Release|Any CPU.Build.0 = Release|Any CPU
		{AF941DB5-AE5A-4265-8D7C-3892CAABF944}.Debug|Any CPU.ActiveCfg = Debug|Any CPU
		{AF941DB5-AE5A-4265-8D7C-3892CAABF944}.Debug|Any CPU.Build.0 = Debug|Any CPU
		{AF941DB5-AE5A-4265-8D7C-3892CAABF944}.Release|Any CPU.ActiveCfg = Release|Any CPU
		{AF941DB5-AE5A-4265-8D7C-3892CAABF944}.Release|Any CPU.Build.0 = Release|Any CPU
		{B2AAB054-88CE-4F5A-B0B7-C41390562DB9}.Debug|Any CPU.ActiveCfg = Debug|Any CPU
		{B2AAB054-88CE-4F5A-B0B7-C41390562DB9}.Debug|Any CPU.Build.0 = Debug|Any CPU
		{B2AAB054-88CE-4F5A-B0B7-C41390562DB9}.Release|Any CPU.ActiveCfg = Release|Any CPU
		{B2AAB054-88CE-4F5A-B0B7-C41390562DB9}.Release|Any CPU.Build.0 = Release|Any CPU
		{138BA9A8-F389-4A3F-98B7-795FABD7C598}.Debug|Any CPU.ActiveCfg = Debug|Any CPU
		{138BA9A8-F389-4A3F-98B7-795FABD7C598}.Debug|Any CPU.Build.0 = Debug|Any CPU
		{138BA9A8-F389-4A3F-98B7-795FABD7C598}.Release|Any CPU.ActiveCfg = Release|Any CPU
		{138BA9A8-F389-4A3F-98B7-795FABD7C598}.Release|Any CPU.Build.0 = Release|Any CPU
		{2EFA0CC4-3EC2-441C-82BC-4EB186789CCB}.Debug|Any CPU.ActiveCfg = Debug|Any CPU
		{2EFA0CC4-3EC2-441C-82BC-4EB186789CCB}.Debug|Any CPU.Build.0 = Debug|Any CPU
		{2EFA0CC4-3EC2-441C-82BC-4EB186789CCB}.Release|Any CPU.ActiveCfg = Release|Any CPU
		{2EFA0CC4-3EC2-441C-82BC-4EB186789CCB}.Release|Any CPU.Build.0 = Release|Any CPU
	EndGlobalSection
	GlobalSection(SolutionProperties) = preSolution
		HideSolutionNode = FALSE
	EndGlobalSection
	GlobalSection(NestedProjects) = preSolution
		{E0915C28-0263-49D9-A7ED-00A2542756A0} = {F57142AD-44E1-4789-B815-3A571D410CE3}
		{74F08906-FFA1-4B07-962B-523F674AABB8} = {F57142AD-44E1-4789-B815-3A571D410CE3}
		{C966B058-E840-41BB-8BE1-C38D10B2C336} = {F57142AD-44E1-4789-B815-3A571D410CE3}
		{C0D54442-F662-4564-A71F-CCCE7C9838A2} = {F57142AD-44E1-4789-B815-3A571D410CE3}
		{CAE63513-3BAC-49D6-A759-086F408CE58E} = {09320B0A-DC4E-4D90-A3EF-785E93CE07A2}
		{47D21F9A-35D3-482E-B538-84E6A64B8A65} = {09320B0A-DC4E-4D90-A3EF-785E93CE07A2}
		{B3196FF6-08A2-4F6B-9187-DDAD3DF8BD6C} = {F57142AD-44E1-4789-B815-3A571D410CE3}
		{DEA172B3-EEB3-40CE-89B8-9EA101BD6CCB} = {E0915C28-0263-49D9-A7ED-00A2542756A0}
		{FDEAAB5C-1776-474F-A33A-42EC82A28472} = {E0915C28-0263-49D9-A7ED-00A2542756A0}
		{39917C09-5A91-453B-BEDB-97E2A318D74C} = {74F08906-FFA1-4B07-962B-523F674AABB8}
		{6541B239-7BAA-453F-B1FE-F425E01A4D4B} = {74F08906-FFA1-4B07-962B-523F674AABB8}
		{FFF6EEB4-0A91-456D-8131-615D15FCB769} = {3582B1B9-E527-4C87-88D6-80DFEC635584}
		{543DAD44-DB03-4B00-9CBF-38FD40397D7F} = {3582B1B9-E527-4C87-88D6-80DFEC635584}
		{8E17A469-64AC-4A55-B29C-97DC16542DEA} = {3582B1B9-E527-4C87-88D6-80DFEC635584}
		{AF941DB5-AE5A-4265-8D7C-3892CAABF944} = {C966B058-E840-41BB-8BE1-C38D10B2C336}
		{B2AAB054-88CE-4F5A-B0B7-C41390562DB9} = {C966B058-E840-41BB-8BE1-C38D10B2C336}
		{138BA9A8-F389-4A3F-98B7-795FABD7C598} = {C0D54442-F662-4564-A71F-CCCE7C9838A2}
		{2EFA0CC4-3EC2-441C-82BC-4EB186789CCB} = {C0D54442-F662-4564-A71F-CCCE7C9838A2}
	EndGlobalSection
	GlobalSection(ExtensibilityGlobals) = postSolution
		SolutionGuid = {F5C43D1F-3529-41DC-BB08-49B9FE0F2CF7}
	EndGlobalSection
EndGlobal
